{
  "name": "hepta-paper-workspace",
  "version": "0.15.1",
  "lockfileVersion": 3,
  "requires": true,
  "packages": {
    "": {
      "name": "hepta-paper-workspace",
      "version": "0.15.1",
      "bin": {
        "paper-production-core": "paper-core/bin/paper-production-core.mjs"
      }
    }
  }
}
